
Microsoft Visual Studio Solution File, Format Version 12.00
# Visual Studio Version 17
VisualStudioVersion = 17.14.36414.22
MinimumVisualStudioVersion = 10.0.40219.1
Project("{2150E333-8FDC-42A3-9474-1A3956D46DE8}") = "Task0", "Task0", "{02EA681E-C7D8-13C7-8484-4AC65E1B71E8}"
EndProject
Project("{FAE04EC0-301F-11D3-BF4B-00C04F79EFBC}") = "Tyuiu.KolganenkoRV.Sprint4.Task0.V3", "Tyuiu.KolganenkoRV.Sprint4.Task0.V3\Tyuiu.KolganenkoRV.Sprint4.Task0.V3.csproj", "{062BB9E5-15F5-4D0B-93BD-D575B2427EE0}"
EndProject
Project("{FAE04EC0-301F-11D3-BF4B-00C04F79EFBC}") = "Tyuiu.KolganenkoRV.Sprint4.Task0.V3.Lib", "Tyuiu.KolganenkoRV.Sprint4.Task0.V3.Lib\Tyuiu.KolganenkoRV.Sprint4.Task0.V3.Lib.csproj", "{777E954F-A36F-447C-9AD1-42053392728D}"
EndProject
Project("{FAE04EC0-301F-11D3-BF4B-00C04F79EFBC}") = "Tyuiu.KolganenkoRV.Sprint4.Task0.V3.Test", "Tyuiu.KolganenkoRV.Sprint4.Task0.V3.Test\Tyuiu.KolganenkoRV.Sprint4.Task0.V3.Test.csproj", "{E41F1EC9-D40B-499D-9C59-F16D3D81E811}"
EndProject
Global
	GlobalSection(SolutionConfigurationPlatforms) = preSolution
		Debug|Any CPU = Debug|Any CPU
		Release|Any CPU = Release|Any CPU
	EndGlobalSection
	GlobalSection(ProjectConfigurationPlatforms) = postSolution
		{062BB9E5-15F5-4D0B-93BD-D575B2427EE0}.Debug|Any CPU.ActiveCfg = Debug|Any CPU
		{062BB9E5-15F5-4D0B-93BD-D575B2427EE0}.Debug|Any CPU.Build.0 = Debug|Any CPU
		{062BB9E5-15F5-4D0B-93BD-D575B2427EE0}.Release|Any CPU.ActiveCfg = Release|Any CPU
		{062BB9E5-15F5-4D0B-93BD-D575B2427EE0}.Release|Any CPU.Build.0 = Release|Any CPU
		{777E954F-A36F-447C-9AD1-42053392728D}.Debug|Any CPU.ActiveCfg = Debug|Any CPU
		{777E954F-A36F-447C-9AD1-42053392728D}.Debug|Any CPU.Build.0 = Debug|Any CPU
		{777E954F-A36F-447C-9AD1-42053392728D}.Release|Any CPU.ActiveCfg = Release|Any CPU
		{777E954F-A36F-447C-9AD1-42053392728D}.Release|Any CPU.Build.0 = Release|Any CPU
		{E41F1EC9-D40B-499D-9C59-F16D3D81E811}.Debug|Any CPU.ActiveCfg = Debug|Any CPU
		{E41F1EC9-D40B-499D-9C59-F16D3D81E811}.Debug|Any CPU.Build.0 = Debug|Any CPU
		{E41F1EC9-D40B-499D-9C59-F16D3D81E811}.Release|Any CPU.ActiveCfg = Release|Any CPU
		{E41F1EC9-D40B-499D-9C59-F16D3D81E811}.Release|Any CPU.Build.0 = Release|Any CPU
	EndGlobalSection
	GlobalSection(SolutionProperties) = preSolution
		HideSolutionNode = FALSE
	EndGlobalSection
	GlobalSection(NestedProjects) = preSolution
		{062BB9E5-15F5-4D0B-93BD-D575B2427EE0} = {02EA681E-C7D8-13C7-8484-4AC65E1B71E8}
		{777E954F-A36F-447C-9AD1-42053392728D} = {02EA681E-C7D8-13C7-8484-4AC65E1B71E8}
		{E41F1EC9-D40B-499D-9C59-F16D3D81E811} = {02EA681E-C7D8-13C7-8484-4AC65E1B71E8}
	EndGlobalSection
	GlobalSection(ExtensibilityGlobals) = postSolution
		SolutionGuid = {602B8844-EAE5-43D3-9F32-9ED4342E8048}
	EndGlobalSection
EndGlobal
