
Microsoft Visual Studio Solution File, Format Version 12.00
# Visual Studio Version 17
VisualStudioVersion = 17.14.36414.22
MinimumVisualStudioVersion = 10.0.40219.1
Project("{2150E333-8FDC-42A3-9474-1A3956D46DE8}") = "Task0", "Task0", "{02EA681E-C7D8-13C7-8484-4AC65E1B71E8}"
EndProject
Project("{FAE04EC0-301F-11D3-BF4B-00C04F79EFBC}") = "Tyuiu.KolganenkoRV.Sprint4.Task0.V3", "Tyuiu.KolganenkoRV.Sprint4.Task0.V3\Tyuiu.KolganenkoRV.Sprint4.Task0.V3.csproj", "{062BB9E5-15F5-4D0B-93BD-D575B2427EE0}"
EndProject
Project("{FAE04EC0-301F-11D3-BF4B-00C04F79EFBC}") = "Tyuiu.KolganenkoRV.Sprint4.Task0.V3.Lib", "Tyuiu.KolganenkoRV.Sprint4.Task0.V3.Lib\Tyuiu.KolganenkoRV.Sprint4.Task0.V3.Lib.csproj", "{777E954F-A36F-447C-9AD1-42053392728D}"
EndProject
Project("{FAE04EC0-301F-11D3-BF4B-00C04F79EFBC}") = "Tyuiu.KolganenkoRV.Sprint4.Task0.V3.Test", "Tyuiu.KolganenkoRV.Sprint4.Task0.V3.Test\Tyuiu.KolganenkoRV.Sprint4.Task0.V3.Test.csproj", "{E41F1EC9-D40B-499D-9C59-F16D3D81E811}"
EndProject
Project("{2150E333-8FDC-42A3-9474-1A3956D46DE8}") = "Task1", "Task1", "{36A0F962-CFF0-4D54-B7AE-1E6273620D13}"
EndProject
Project("{FAE04EC0-301F-11D3-BF4B-00C04F79EFBC}") = "Tyuiu.KolganenkoRV.Sprint4.Task1.V4", "Tyuiu.KolganenkoRV.Sprint4.Task1.V4\Tyuiu.KolganenkoRV.Sprint4.Task1.V4.csproj", "{B79E4C87-EAFA-4467-8D61-5C296F556739}"
EndProject
Project("{FAE04EC0-301F-11D3-BF4B-00C04F79EFBC}") = "Tyuiu.KolganenkoRV.Sprint4.Task1.V4.Lib", "Tyuiu.KolganenkoRV.Sprint4.Task1.V4.Lib\Tyuiu.KolganenkoRV.Sprint4.Task1.V4.Lib.csproj", "{818812C7-0266-4781-9E05-979388E2D5DF}"
EndProject
Project("{FAE04EC0-301F-11D3-BF4B-00C04F79EFBC}") = "Tyuiu.KolganenkoRV.Sprint4.Task1.V4.Test", "Tyuiu.KolganenkoRV.Sprint4.Task1.V4.Test\Tyuiu.KolganenkoRV.Sprint4.Task1.V4.Test.csproj", "{6958A71F-4456-4527-BE2B-69B9E24B5FC1}"
EndProject
Project("{2150E333-8FDC-42A3-9474-1A3956D46DE8}") = "Task2", "Task2", "{C1C96DFA-31A4-4763-BD15-C19E1DD6D574}"
EndProject
Project("{FAE04EC0-301F-11D3-BF4B-00C04F79EFBC}") = "Tyuiu.KolganenkoRV.Sprint4.Task2.V19", "Tyuiu.KolganenkoRV.Sprint4.Task2.V19\Tyuiu.KolganenkoRV.Sprint4.Task2.V19.csproj", "{9DF903CD-2044-417D-8325-208AE2285FB8}"
EndProject
Project("{FAE04EC0-301F-11D3-BF4B-00C04F79EFBC}") = "Tyuiu.KolganenkoRV.Sprint4.Task2.V19.Lib", "Tyuiu.KolganenkoRV.Sprint4.Task2.V19.Lib\Tyuiu.KolganenkoRV.Sprint4.Task2.V19.Lib.csproj", "{9D285787-E447-4233-864D-63EE0F5A5EBC}"
EndProject
Project("{FAE04EC0-301F-11D3-BF4B-00C04F79EFBC}") = "Tyuiu.KolganenkoRV.Sprint4.Task2.V19.Test", "Tyuiu.KolganenkoRV.Sprint4.Task2.V19.Test\Tyuiu.KolganenkoRV.Sprint4.Task2.V19.Test.csproj", "{E9AAA632-3B19-401F-AEC1-D7BEABA46B11}"
EndProject
Project("{2150E333-8FDC-42A3-9474-1A3956D46DE8}") = "Task3", "Task3", "{2CCAD486-76F1-47E9-B960-BFC730E3BEB1}"
EndProject
Project("{FAE04EC0-301F-11D3-BF4B-00C04F79EFBC}") = "Tyuiu.KolganenkoRV.Sprint4.Task3.V15", "Tyuiu.KolganenkoRV.Sprint4.Task3.V15\Tyuiu.KolganenkoRV.Sprint4.Task3.V15.csproj", "{271D1B88-52FC-4410-8023-D2A8D7A284B6}"
EndProject
Project("{FAE04EC0-301F-11D3-BF4B-00C04F79EFBC}") = "Tyuiu.KolganenkoRV.Sprint4.Task3.V15.Lib", "Tyuiu.KolganenkoRV.Sprint4.Task3.V15.Lib\Tyuiu.KolganenkoRV.Sprint4.Task3.V15.Lib.csproj", "{A6304068-8325-4B2F-8297-838C91C824AB}"
EndProject
Project("{FAE04EC0-301F-11D3-BF4B-00C04F79EFBC}") = "Tyuiu.KolganenkoRV.Sprint4.Task3.V15.Test", "Tyuiu.KolganenkoRV.Sprint4.Task3.V15.Test\Tyuiu.KolganenkoRV.Sprint4.Task3.V15.Test.csproj", "{2A2CAC21-6345-4EB8-9DFF-997BF4F1BB31}"
EndProject
Project("{2150E333-8FDC-42A3-9474-1A3956D46DE8}") = "Task4", "Task4", "{896A08D7-CBB9-4B93-9586-FDAA7727A447}"
EndProject
Project("{FAE04EC0-301F-11D3-BF4B-00C04F79EFBC}") = "Tyuiu.KolganenkoRV.Sprint4.Task4.V22", "Tyuiu.KolganenkoRV.Sprint4.Task4.V22\Tyuiu.KolganenkoRV.Sprint4.Task4.V22.csproj", "{B3E7E72D-15CA-4766-80F1-133F99189C93}"
EndProject
Project("{FAE04EC0-301F-11D3-BF4B-00C04F79EFBC}") = "Tyuiu.KolganenkoRV.Sprint4.Task4.V22.Lib", "Tyuiu.KolganenkoRV.Sprint4.Task4.V22.Lib\Tyuiu.KolganenkoRV.Sprint4.Task4.V22.Lib.csproj", "{D0B7B5DB-D54A-4434-922C-0E5FE3B406EE}"
EndProject
Project("{FAE04EC0-301F-11D3-BF4B-00C04F79EFBC}") = "Tyuiu.KolganenkoRV.Sprint4.Task4.V22.Test", "Tyuiu.KolganenkoRV.Sprint4.Task4.V22.Test\Tyuiu.KolganenkoRV.Sprint4.Task4.V22.Test.csproj", "{FFAAD211-FCD6-4354-964C-6CFE0DDE91A2}"
EndProject
Project("{2150E333-8FDC-42A3-9474-1A3956D46DE8}") = "Task5", "Task5", "{23680A8A-0CF9-4D18-AAF2-975874D26FAA}"
EndProject
Project("{FAE04EC0-301F-11D3-BF4B-00C04F79EFBC}") = "Tyuiu.KolganenkoRV.Sprint4.Task5.V21", "Tyuiu.KolganenkoRV.Sprint4.Task5.V21\Tyuiu.KolganenkoRV.Sprint4.Task5.V21.csproj", "{EBF25682-6E96-48DD-ADE2-504664E3587B}"
EndProject
Project("{FAE04EC0-301F-11D3-BF4B-00C04F79EFBC}") = "Tyuiu.KolganenkoRV.Sprint4.Task5.V21.Lib", "Tyuiu.KolganenkoRV.Sprint4.Task5.V21.Lib\Tyuiu.KolganenkoRV.Sprint4.Task5.V21.Lib.csproj", "{1BB738C1-C986-4914-8442-BA3CD11AE926}"
EndProject
Project("{FAE04EC0-301F-11D3-BF4B-00C04F79EFBC}") = "Tyuiu.KolganenkoRV.Sprint4.Task5.V21.Test", "Tyuiu.KolganenkoRV.Sprint4.Task5.V21.Test\Tyuiu.KolganenkoRV.Sprint4.Task5.V21.Test.csproj", "{98F65AB1-F0AD-4FEC-836A-AD0B0E7FD68B}"
EndProject
Project("{2150E333-8FDC-42A3-9474-1A3956D46DE8}") = "Task6", "Task6", "{6C8B2DE1-2C5D-4B8F-92CA-8C4CBC9A5E80}"
EndProject
Project("{FAE04EC0-301F-11D3-BF4B-00C04F79EFBC}") = "Tyuiu.KolganenkoRV.Sprint4.Task6.V4", "Tyuiu.KolganenkoRV.Sprint4.Task6.V4\Tyuiu.KolganenkoRV.Sprint4.Task6.V4.csproj", "{AB55F822-F467-4265-9C74-532207630ABD}"
EndProject
Project("{FAE04EC0-301F-11D3-BF4B-00C04F79EFBC}") = "Tyuiu.KolganenkoRV.Sprint4.Task6.V4.Lib", "Tyuiu.KolganenkoRV.Sprint4.Task6.V4.Lib\Tyuiu.KolganenkoRV.Sprint4.Task6.V4.Lib.csproj", "{8E8BF628-E5A0-4A68-91D2-12AA7FD3C21B}"
EndProject
Project("{FAE04EC0-301F-11D3-BF4B-00C04F79EFBC}") = "Tyuiu.KolganenkoRV.Sprint4.Task6.V4.Test", "Tyuiu.KolganenkoRV.Sprint4.Task6.V4.Test\Tyuiu.KolganenkoRV.Sprint4.Task6.V4.Test.csproj", "{389BD473-2371-4C2F-8B71-E9C27D5DC6AE}"
EndProject
Project("{2150E333-8FDC-42A3-9474-1A3956D46DE8}") = "Task7", "Task7", "{9A3D0259-CB75-4D91-AC50-BB5226B10107}"
EndProject
Project("{FAE04EC0-301F-11D3-BF4B-00C04F79EFBC}") = "Tyuiu.KolganenkoRV.Sprint4.Task7.V19", "Tyuiu.KolganenkoRV.Sprint4.Task7.V19\Tyuiu.KolganenkoRV.Sprint4.Task7.V19.csproj", "{E518F238-CD85-4811-A73F-4EF6BD406A54}"
EndProject
Project("{FAE04EC0-301F-11D3-BF4B-00C04F79EFBC}") = "Tyuiu.KolganenkoRV.Sprint4.Task7.V19.Lib", "Tyuiu.KolganenkoRV.Sprint4.Task7.V19.Lib\Tyuiu.KolganenkoRV.Sprint4.Task7.V19.Lib.csproj", "{A6EFFBC8-8109-4E71-AF08-D61D30E86402}"
EndProject
Project("{FAE04EC0-301F-11D3-BF4B-00C04F79EFBC}") = "Tyuiu.KolganenkoRV.Sprint4.Task7.V19.Test", "Tyuiu.KolganenkoRV.Sprint4.Task7.V19.Test\Tyuiu.KolganenkoRV.Sprint4.Task7.V19.Test.csproj", "{D9697A4B-D192-44B9-8D11-80EF941BCE59}"
EndProject
Global
	GlobalSection(SolutionConfigurationPlatforms) = preSolution
		Debug|Any CPU = Debug|Any CPU
		Release|Any CPU = Release|Any CPU
	EndGlobalSection
	GlobalSection(ProjectConfigurationPlatforms) = postSolution
		{062BB9E5-15F5-4D0B-93BD-D575B2427EE0}.Debug|Any CPU.ActiveCfg = Debug|Any CPU
		{062BB9E5-15F5-4D0B-93BD-D575B2427EE0}.Debug|Any CPU.Build.0 = Debug|Any CPU
		{062BB9E5-15F5-4D0B-93BD-D575B2427EE0}.Release|Any CPU.ActiveCfg = Release|Any CPU
		{062BB9E5-15F5-4D0B-93BD-D575B2427EE0}.Release|Any CPU.Build.0 = Release|Any CPU
		{777E954F-A36F-447C-9AD1-42053392728D}.Debug|Any CPU.ActiveCfg = Debug|Any CPU
		{777E954F-A36F-447C-9AD1-42053392728D}.Debug|Any CPU.Build.0 = Debug|Any CPU
		{777E954F-A36F-447C-9AD1-42053392728D}.Release|Any CPU.ActiveCfg = Release|Any CPU
		{777E954F-A36F-447C-9AD1-42053392728D}.Release|Any CPU.Build.0 = Release|Any CPU
		{E41F1EC9-D40B-499D-9C59-F16D3D81E811}.Debug|Any CPU.ActiveCfg = Debug|Any CPU
		{E41F1EC9-D40B-499D-9C59-F16D3D81E811}.Debug|Any CPU.Build.0 = Debug|Any CPU
		{E41F1EC9-D40B-499D-9C59-F16D3D81E811}.Release|Any CPU.ActiveCfg = Release|Any CPU
		{E41F1EC9-D40B-499D-9C59-F16D3D81E811}.Release|Any CPU.Build.0 = Release|Any CPU
		{B79E4C87-EAFA-4467-8D61-5C296F556739}.Debug|Any CPU.ActiveCfg = Debug|Any CPU
		{B79E4C87-EAFA-4467-8D61-5C296F556739}.Debug|Any CPU.Build.0 = Debug|Any CPU
		{B79E4C87-EAFA-4467-8D61-5C296F556739}.Release|Any CPU.ActiveCfg = Release|Any CPU
		{B79E4C87-EAFA-4467-8D61-5C296F556739}.Release|Any CPU.Build.0 = Release|Any CPU
		{818812C7-0266-4781-9E05-979388E2D5DF}.Debug|Any CPU.ActiveCfg = Debug|Any CPU
		{818812C7-0266-4781-9E05-979388E2D5DF}.Debug|Any CPU.Build.0 = Debug|Any CPU
		{818812C7-0266-4781-9E05-979388E2D5DF}.Release|Any CPU.ActiveCfg = Release|Any CPU
		{818812C7-0266-4781-9E05-979388E2D5DF}.Release|Any CPU.Build.0 = Release|Any CPU
		{6958A71F-4456-4527-BE2B-69B9E24B5FC1}.Debug|Any CPU.ActiveCfg = Debug|Any CPU
		{6958A71F-4456-4527-BE2B-69B9E24B5FC1}.Debug|Any CPU.Build.0 = Debug|Any CPU
		{6958A71F-4456-4527-BE2B-69B9E24B5FC1}.Release|Any CPU.ActiveCfg = Release|Any CPU
		{6958A71F-4456-4527-BE2B-69B9E24B5FC1}.Release|Any CPU.Build.0 = Release|Any CPU
		{9DF903CD-2044-417D-8325-208AE2285FB8}.Debug|Any CPU.ActiveCfg = Debug|Any CPU
		{9DF903CD-2044-417D-8325-208AE2285FB8}.Debug|Any CPU.Build.0 = Debug|Any CPU
		{9DF903CD-2044-417D-8325-208AE2285FB8}.Release|Any CPU.ActiveCfg = Release|Any CPU
		{9DF903CD-2044-417D-8325-208AE2285FB8}.Release|Any CPU.Build.0 = Release|Any CPU
		{9D285787-E447-4233-864D-63EE0F5A5EBC}.Debug|Any CPU.ActiveCfg = Debug|Any CPU
		{9D285787-E447-4233-864D-63EE0F5A5EBC}.Debug|Any CPU.Build.0 = Debug|Any CPU
		{9D285787-E447-4233-864D-63EE0F5A5EBC}.Release|Any CPU.ActiveCfg = Release|Any CPU
		{9D285787-E447-4233-864D-63EE0F5A5EBC}.Release|Any CPU.Build.0 = Release|Any CPU
		{E9AAA632-3B19-401F-AEC1-D7BEABA46B11}.Debug|Any CPU.ActiveCfg = Debug|Any CPU
		{E9AAA632-3B19-401F-AEC1-D7BEABA46B11}.Debug|Any CPU.Build.0 = Debug|Any CPU
		{E9AAA632-3B19-401F-AEC1-D7BEABA46B11}.Release|Any CPU.ActiveCfg = Release|Any CPU
		{E9AAA632-3B19-401F-AEC1-D7BEABA46B11}.Release|Any CPU.Build.0 = Release|Any CPU
		{271D1B88-52FC-4410-8023-D2A8D7A284B6}.Debug|Any CPU.ActiveCfg = Debug|Any CPU
		{271D1B88-52FC-4410-8023-D2A8D7A284B6}.Debug|Any CPU.Build.0 = Debug|Any CPU
		{271D1B88-52FC-4410-8023-D2A8D7A284B6}.Release|Any CPU.ActiveCfg = Release|Any CPU
		{271D1B88-52FC-4410-8023-D2A8D7A284B6}.Release|Any CPU.Build.0 = Release|Any CPU
		{A6304068-8325-4B2F-8297-838C91C824AB}.Debug|Any CPU.ActiveCfg = Debug|Any CPU
		{A6304068-8325-4B2F-8297-838C91C824AB}.Debug|Any CPU.Build.0 = Debug|Any CPU
		{A6304068-8325-4B2F-8297-838C91C824AB}.Release|Any CPU.ActiveCfg = Release|Any CPU
		{A6304068-8325-4B2F-8297-838C91C824AB}.Release|Any CPU.Build.0 = Release|Any CPU
		{2A2CAC21-6345-4EB8-9DFF-997BF4F1BB31}.Debug|Any CPU.ActiveCfg = Debug|Any CPU
		{2A2CAC21-6345-4EB8-9DFF-997BF4F1BB31}.Debug|Any CPU.Build.0 = Debug|Any CPU
		{2A2CAC21-6345-4EB8-9DFF-997BF4F1BB31}.Release|Any CPU.ActiveCfg = Release|Any CPU
		{2A2CAC21-6345-4EB8-9DFF-997BF4F1BB31}.Release|Any CPU.Build.0 = Release|Any CPU
		{B3E7E72D-15CA-4766-80F1-133F99189C93}.Debug|Any CPU.ActiveCfg = Debug|Any CPU
		{B3E7E72D-15CA-4766-80F1-133F99189C93}.Debug|Any CPU.Build.0 = Debug|Any CPU
		{B3E7E72D-15CA-4766-80F1-133F99189C93}.Release|Any CPU.ActiveCfg = Release|Any CPU
		{B3E7E72D-15CA-4766-80F1-133F99189C93}.Release|Any CPU.Build.0 = Release|Any CPU
		{D0B7B5DB-D54A-4434-922C-0E5FE3B406EE}.Debug|Any CPU.ActiveCfg = Debug|Any CPU
		{D0B7B5DB-D54A-4434-922C-0E5FE3B406EE}.Debug|Any CPU.Build.0 = Debug|Any CPU
		{D0B7B5DB-D54A-4434-922C-0E5FE3B406EE}.Release|Any CPU.ActiveCfg = Release|Any CPU
		{D0B7B5DB-D54A-4434-922C-0E5FE3B406EE}.Release|Any CPU.Build.0 = Release|Any CPU
		{FFAAD211-FCD6-4354-964C-6CFE0DDE91A2}.Debug|Any CPU.ActiveCfg = Debug|Any CPU
		{FFAAD211-FCD6-4354-964C-6CFE0DDE91A2}.Debug|Any CPU.Build.0 = Debug|Any CPU
		{FFAAD211-FCD6-4354-964C-6CFE0DDE91A2}.Release|Any CPU.ActiveCfg = Release|Any CPU
		{FFAAD211-FCD6-4354-964C-6CFE0DDE91A2}.Release|Any CPU.Build.0 = Release|Any CPU
		{EBF25682-6E96-48DD-ADE2-504664E3587B}.Debug|Any CPU.ActiveCfg = Debug|Any CPU
		{EBF25682-6E96-48DD-ADE2-504664E3587B}.Debug|Any CPU.Build.0 = Debug|Any CPU
		{EBF25682-6E96-48DD-ADE2-504664E3587B}.Release|Any CPU.ActiveCfg = Release|Any CPU
		{EBF25682-6E96-48DD-ADE2-504664E3587B}.Release|Any CPU.Build.0 = Release|Any CPU
		{1BB738C1-C986-4914-8442-BA3CD11AE926}.Debug|Any CPU.ActiveCfg = Debug|Any CPU
		{1BB738C1-C986-4914-8442-BA3CD11AE926}.Debug|Any CPU.Build.0 = Debug|Any CPU
		{1BB738C1-C986-4914-8442-BA3CD11AE926}.Release|Any CPU.ActiveCfg = Release|Any CPU
		{1BB738C1-C986-4914-8442-BA3CD11AE926}.Release|Any CPU.Build.0 = Release|Any CPU
		{98F65AB1-F0AD-4FEC-836A-AD0B0E7FD68B}.Debug|Any CPU.ActiveCfg = Debug|Any CPU
		{98F65AB1-F0AD-4FEC-836A-AD0B0E7FD68B}.Debug|Any CPU.Build.0 = Debug|Any CPU
		{98F65AB1-F0AD-4FEC-836A-AD0B0E7FD68B}.Release|Any CPU.ActiveCfg = Release|Any CPU
		{98F65AB1-F0AD-4FEC-836A-AD0B0E7FD68B}.Release|Any CPU.Build.0 = Release|Any CPU
		{AB55F822-F467-4265-9C74-532207630ABD}.Debug|Any CPU.ActiveCfg = Debug|Any CPU
		{AB55F822-F467-4265-9C74-532207630ABD}.Debug|Any CPU.Build.0 = Debug|Any CPU
		{AB55F822-F467-4265-9C74-532207630ABD}.Release|Any CPU.ActiveCfg = Release|Any CPU
		{AB55F822-F467-4265-9C74-532207630ABD}.Release|Any CPU.Build.0 = Release|Any CPU
		{8E8BF628-E5A0-4A68-91D2-12AA7FD3C21B}.Debug|Any CPU.ActiveCfg = Debug|Any CPU
		{8E8BF628-E5A0-4A68-91D2-12AA7FD3C21B}.Debug|Any CPU.Build.0 = Debug|Any CPU
		{8E8BF628-E5A0-4A68-91D2-12AA7FD3C21B}.Release|Any CPU.ActiveCfg = Release|Any CPU
		{8E8BF628-E5A0-4A68-91D2-12AA7FD3C21B}.Release|Any CPU.Build.0 = Release|Any CPU
		{389BD473-2371-4C2F-8B71-E9C27D5DC6AE}.Debug|Any CPU.ActiveCfg = Debug|Any CPU
		{389BD473-2371-4C2F-8B71-E9C27D5DC6AE}.Debug|Any CPU.Build.0 = Debug|Any CPU
		{389BD473-2371-4C2F-8B71-E9C27D5DC6AE}.Release|Any CPU.ActiveCfg = Release|Any CPU
		{389BD473-2371-4C2F-8B71-E9C27D5DC6AE}.Release|Any CPU.Build.0 = Release|Any CPU
		{E518F238-CD85-4811-A73F-4EF6BD406A54}.Debug|Any CPU.ActiveCfg = Debug|Any CPU
		{E518F238-CD85-4811-A73F-4EF6BD406A54}.Debug|Any CPU.Build.0 = Debug|Any CPU
		{E518F238-CD85-4811-A73F-4EF6BD406A54}.Release|Any CPU.ActiveCfg = Release|Any CPU
		{E518F238-CD85-4811-A73F-4EF6BD406A54}.Release|Any CPU.Build.0 = Release|Any CPU
		{A6EFFBC8-8109-4E71-AF08-D61D30E86402}.Debug|Any CPU.ActiveCfg = Debug|Any CPU
		{A6EFFBC8-8109-4E71-AF08-D61D30E86402}.Debug|Any CPU.Build.0 = Debug|Any CPU
		{A6EFFBC8-8109-4E71-AF08-D61D30E86402}.Release|Any CPU.ActiveCfg = Release|Any CPU
		{A6EFFBC8-8109-4E71-AF08-D61D30E86402}.Release|Any CPU.Build.0 = Release|Any CPU
		{D9697A4B-D192-44B9-8D11-80EF941BCE59}.Debug|Any CPU.ActiveCfg = Debug|Any CPU
		{D9697A4B-D192-44B9-8D11-80EF941BCE59}.Debug|Any CPU.Build.0 = Debug|Any CPU
		{D9697A4B-D192-44B9-8D11-80EF941BCE59}.Release|Any CPU.ActiveCfg = Release|Any CPU
		{D9697A4B-D192-44B9-8D11-80EF941BCE59}.Release|Any CPU.Build.0 = Release|Any CPU
	EndGlobalSection
	GlobalSection(SolutionProperties) = preSolution
		HideSolutionNode = FALSE
	EndGlobalSection
	GlobalSection(NestedProjects) = preSolution
		{062BB9E5-15F5-4D0B-93BD-D575B2427EE0} = {02EA681E-C7D8-13C7-8484-4AC65E1B71E8}
		{777E954F-A36F-447C-9AD1-42053392728D} = {02EA681E-C7D8-13C7-8484-4AC65E1B71E8}
		{E41F1EC9-D40B-499D-9C59-F16D3D81E811} = {02EA681E-C7D8-13C7-8484-4AC65E1B71E8}
		{B79E4C87-EAFA-4467-8D61-5C296F556739} = {36A0F962-CFF0-4D54-B7AE-1E6273620D13}
		{818812C7-0266-4781-9E05-979388E2D5DF} = {36A0F962-CFF0-4D54-B7AE-1E6273620D13}
		{6958A71F-4456-4527-BE2B-69B9E24B5FC1} = {36A0F962-CFF0-4D54-B7AE-1E6273620D13}
		{9DF903CD-2044-417D-8325-208AE2285FB8} = {C1C96DFA-31A4-4763-BD15-C19E1DD6D574}
		{9D285787-E447-4233-864D-63EE0F5A5EBC} = {C1C96DFA-31A4-4763-BD15-C19E1DD6D574}
		{E9AAA632-3B19-401F-AEC1-D7BEABA46B11} = {C1C96DFA-31A4-4763-BD15-C19E1DD6D574}
		{271D1B88-52FC-4410-8023-D2A8D7A284B6} = {2CCAD486-76F1-47E9-B960-BFC730E3BEB1}
		{A6304068-8325-4B2F-8297-838C91C824AB} = {2CCAD486-76F1-47E9-B960-BFC730E3BEB1}
		{2A2CAC21-6345-4EB8-9DFF-997BF4F1BB31} = {2CCAD486-76F1-47E9-B960-BFC730E3BEB1}
		{B3E7E72D-15CA-4766-80F1-133F99189C93} = {896A08D7-CBB9-4B93-9586-FDAA7727A447}
		{D0B7B5DB-D54A-4434-922C-0E5FE3B406EE} = {896A08D7-CBB9-4B93-9586-FDAA7727A447}
		{FFAAD211-FCD6-4354-964C-6CFE0DDE91A2} = {896A08D7-CBB9-4B93-9586-FDAA7727A447}
		{EBF25682-6E96-48DD-ADE2-504664E3587B} = {23680A8A-0CF9-4D18-AAF2-975874D26FAA}
		{1BB738C1-C986-4914-8442-BA3CD11AE926} = {23680A8A-0CF9-4D18-AAF2-975874D26FAA}
		{98F65AB1-F0AD-4FEC-836A-AD0B0E7FD68B} = {23680A8A-0CF9-4D18-AAF2-975874D26FAA}
		{AB55F822-F467-4265-9C74-532207630ABD} = {6C8B2DE1-2C5D-4B8F-92CA-8C4CBC9A5E80}
		{8E8BF628-E5A0-4A68-91D2-12AA7FD3C21B} = {6C8B2DE1-2C5D-4B8F-92CA-8C4CBC9A5E80}
		{389BD473-2371-4C2F-8B71-E9C27D5DC6AE} = {6C8B2DE1-2C5D-4B8F-92CA-8C4CBC9A5E80}
		{E518F238-CD85-4811-A73F-4EF6BD406A54} = {9A3D0259-CB75-4D91-AC50-BB5226B10107}
		{A6EFFBC8-8109-4E71-AF08-D61D30E86402} = {9A3D0259-CB75-4D91-AC50-BB5226B10107}
		{D9697A4B-D192-44B9-8D11-80EF941BCE59} = {9A3D0259-CB75-4D91-AC50-BB5226B10107}
	EndGlobalSection
	GlobalSection(ExtensibilityGlobals) = postSolution
		SolutionGuid = {602B8844-EAE5-43D3-9F32-9ED4342E8048}
	EndGlobalSection
EndGlobal
